
Microsoft Visual Studio Solution File, Format Version 12.00
# Visual Studio Version 16
VisualStudioVersion = 16.0.31911.196
MinimumVisualStudioVersion = 10.0.40219.1
Project("{FAE04EC0-301F-11D3-BF4B-00C04F79EFBC}") = "CamioncitoAPI", "CamioncitoAPI.csproj", "{7389DF1A-CB5C-4CC9-85ED-19281F7C6CB6}"
EndProject
Global
	GlobalSection(SolutionConfigurationPlatforms) = preSolution
		Debug|Any CPU = Debug|Any CPU
		Release|Any CPU = Release|Any CPU
	EndGlobalSection
	GlobalSection(ProjectConfigurationPlatforms) = postSolution
		{7389DF1A-CB5C-4CC9-85ED-19281F7C6CB6}.Debug|Any CPU.ActiveCfg = Debug|Any CPU
		{7389DF1A-CB5C-4CC9-85ED-19281F7C6CB6}.Debug|Any CPU.Build.0 = Debug|Any CPU
		{7389DF1A-CB5C-4CC9-85ED-19281F7C6CB6}.Release|Any CPU.ActiveCfg = Release|Any CPU
		{7389DF1A-CB5C-4CC9-85ED-19281F7C6CB6}.Release|Any CPU.Build.0 = Release|Any CPU
	EndGlobalSection
	GlobalSection(SolutionProperties) = preSolution
		HideSolutionNode = FALSE
	EndGlobalSection
	GlobalSection(ExtensibilityGlobals) = postSolution
		SolutionGuid = {43745492-206A-4CB9-8396-79CEED0B4569}
	EndGlobalSection
EndGlobal
